
Microsoft Visual Studio Solution File, Format Version 12.00
# Visual Studio Version 16
VisualStudioVersion = 16.0.29709.97
MinimumVisualStudioVersion = 10.0.40219.1
Project("{FAE04EC0-301F-11D3-BF4B-00C04F79EFBC}") = "Login", "Login.csproj", "{F8D71FAF-4D1B-4432-96F0-7004A45E6A3B}"
EndProject
Global
	GlobalSection(SolutionConfigurationPlatforms) = preSolution
		Debug|Any CPU = Debug|Any CPU
		Release|Any CPU = Release|Any CPU
	EndGlobalSection
	GlobalSection(ProjectConfigurationPlatforms) = postSolution
		{F8D71FAF-4D1B-4432-96F0-7004A45E6A3B}.Debug|Any CPU.ActiveCfg = Debug|Any CPU
		{F8D71FAF-4D1B-4432-96F0-7004A45E6A3B}.Debug|Any CPU.Build.0 = Debug|Any CPU
		{F8D71FAF-4D1B-4432-96F0-7004A45E6A3B}.Release|Any CPU.ActiveCfg = Release|Any CPU
		{F8D71FAF-4D1B-4432-96F0-7004A45E6A3B}.Release|Any CPU.Build.0 = Release|Any CPU
	EndGlobalSection
	GlobalSection(SolutionProperties) = preSolution
		HideSolutionNode = FALSE
	EndGlobalSection
	GlobalSection(ExtensibilityGlobals) = postSolution
		SolutionGuid = {73139E81-7113-4A28-9081-5A3540C5080F}
	EndGlobalSection
EndGlobal
